
Microsoft Visual Studio Solution File, Format Version 12.00
# Visual Studio Version 17
VisualStudioVersion = 17.11.35303.130
MinimumVisualStudioVersion = 10.0.40219.1
Project("{FAE04EC0-301F-11D3-BF4B-00C04F79EFBC}") = "TicketBookingWeb_API", "TicketBookingWeb_API.csproj", "{BC904AA1-7142-490A-A391-8FD3F8DDE812}"
EndProject
Global
	GlobalSection(SolutionConfigurationPlatforms) = preSolution
		Debug|Any CPU = Debug|Any CPU
		Release|Any CPU = Release|Any CPU
	EndGlobalSection
	GlobalSection(ProjectConfigurationPlatforms) = postSolution
		{BC904AA1-7142-490A-A391-8FD3F8DDE812}.Debug|Any CPU.ActiveCfg = Debug|Any CPU
		{BC904AA1-7142-490A-A391-8FD3F8DDE812}.Debug|Any CPU.Build.0 = Debug|Any CPU
		{BC904AA1-7142-490A-A391-8FD3F8DDE812}.Release|Any CPU.ActiveCfg = Release|Any CPU
		{BC904AA1-7142-490A-A391-8FD3F8DDE812}.Release|Any CPU.Build.0 = Release|Any CPU
	EndGlobalSection
	GlobalSection(SolutionProperties) = preSolution
		HideSolutionNode = FALSE
	EndGlobalSection
	GlobalSection(ExtensibilityGlobals) = postSolution
		SolutionGuid = {8B6105E2-38FB-4D70-A64B-C74D0E9263C7}
	EndGlobalSection
EndGlobal
